
Microsoft Visual Studio Solution File, Format Version 12.00
Project("{FAE04EC0-301F-11D3-BF4B-00C04F79EFBC}") = "RayTracer.Lib", "src\RayTracer.Lib\RayTracer.Lib.csproj", "{3EDBF87A-1F37-4507-9E91-36E955D80B6D}"
EndProject
Project("{FAE04EC0-301F-11D3-BF4B-00C04F79EFBC}") = "RayTracer.Lib.Test", "test\RayTracer.Lib.Test\RayTracer.Lib.Test.csproj", "{55D0C879-BA79-47B7-9F0C-C7566F33E730}"
EndProject
Project("{FAE04EC0-301F-11D3-BF4B-00C04F79EFBC}") = "RayTracer.Exercises", "src\RayTracer.Exercises\RayTracer.Exercises.csproj", "{1AE2E4A3-6282-487A-BFEA-108FD3388BCC}"
EndProject
Project("{FAE04EC0-301F-11D3-BF4B-00C04F79EFBC}") = "RayTracer", "src\RayTracer\RayTracer.csproj", "{D1652857-C35C-486D-AD1C-BE46C31F6C6E}"
EndProject
Global
	GlobalSection(SolutionConfigurationPlatforms) = preSolution
		Debug|Any CPU = Debug|Any CPU
		Release|Any CPU = Release|Any CPU
	EndGlobalSection
	GlobalSection(ProjectConfigurationPlatforms) = postSolution
		{3EDBF87A-1F37-4507-9E91-36E955D80B6D}.Debug|Any CPU.ActiveCfg = Debug|Any CPU
		{3EDBF87A-1F37-4507-9E91-36E955D80B6D}.Debug|Any CPU.Build.0 = Debug|Any CPU
		{3EDBF87A-1F37-4507-9E91-36E955D80B6D}.Release|Any CPU.ActiveCfg = Release|Any CPU
		{3EDBF87A-1F37-4507-9E91-36E955D80B6D}.Release|Any CPU.Build.0 = Release|Any CPU
		{55D0C879-BA79-47B7-9F0C-C7566F33E730}.Debug|Any CPU.ActiveCfg = Debug|Any CPU
		{55D0C879-BA79-47B7-9F0C-C7566F33E730}.Debug|Any CPU.Build.0 = Debug|Any CPU
		{55D0C879-BA79-47B7-9F0C-C7566F33E730}.Release|Any CPU.ActiveCfg = Release|Any CPU
		{55D0C879-BA79-47B7-9F0C-C7566F33E730}.Release|Any CPU.Build.0 = Release|Any CPU
		{1AE2E4A3-6282-487A-BFEA-108FD3388BCC}.Debug|Any CPU.ActiveCfg = Debug|Any CPU
		{1AE2E4A3-6282-487A-BFEA-108FD3388BCC}.Debug|Any CPU.Build.0 = Debug|Any CPU
		{1AE2E4A3-6282-487A-BFEA-108FD3388BCC}.Release|Any CPU.ActiveCfg = Release|Any CPU
		{1AE2E4A3-6282-487A-BFEA-108FD3388BCC}.Release|Any CPU.Build.0 = Release|Any CPU
		{D1652857-C35C-486D-AD1C-BE46C31F6C6E}.Debug|Any CPU.ActiveCfg = Debug|Any CPU
		{D1652857-C35C-486D-AD1C-BE46C31F6C6E}.Debug|Any CPU.Build.0 = Debug|Any CPU
		{D1652857-C35C-486D-AD1C-BE46C31F6C6E}.Release|Any CPU.ActiveCfg = Release|Any CPU
		{D1652857-C35C-486D-AD1C-BE46C31F6C6E}.Release|Any CPU.Build.0 = Release|Any CPU
	EndGlobalSection
EndGlobal
